// !$*UTF8*$!
{
	archiveVersion = 1;
	classes = {
	};
	objectVersion = 46;
	objects = {

/* Begin PBXBuildFile section */
		1610A650163952B70063CCF1 /* UIActionButton.m in Sources */ = {isa = PBXBuildFile; fileRef = 1610A64F163952B70063CCF1 /* UIActionButton.m */; };
		1610A654163997270063CCF1 /* Gifts.m in Sources */ = {isa = PBXBuildFile; fileRef = 1610A653163997270063CCF1 /* Gifts.m */; };
		1610A6571639A5A90063CCF1 /* NewGift.m in Sources */ = {isa = PBXBuildFile; fileRef = 1610A6561639A5A90063CCF1 /* NewGift.m */; };
		1610A65A163B397D0063CCF1 /* floral_bg.jpg in Resources */ = {isa = PBXBuildFile; fileRef = 1610A658163B397D0063CCF1 /* floral_bg.jpg */; };
		1610A65B163B397D0063CCF1 /* gift.jpg in Resources */ = {isa = PBXBuildFile; fileRef = 1610A659163B397D0063CCF1 /* gift.jpg */; };
		1610A65E163B519A0063CCF1 /* hotel.jpg in Resources */ = {isa = PBXBuildFile; fileRef = 1610A65D163B519A0063CCF1 /* hotel.jpg */; };
		16F7B3981629F341005C5BC2 /* ASIFormDataRequest.m in Sources */ = {isa = PBXBuildFile; fileRef = 16F7B3971629F341005C5BC2 /* ASIFormDataRequest.m */; settings = {COMPILER_FLAGS = "-fno-objc-arc"; }; };
		16F7B39D162A0E32005C5BC2 /* JSONKit.m in Sources */ = {isa = PBXBuildFile; fileRef = 16F7B39C162A0E32005C5BC2 /* JSONKit.m */; settings = {COMPILER_FLAGS = " -fno-objc-arc"; }; };
		16F7B3A0162B1648005C5BC2 /* UIRowWithImage.m in Sources */ = {isa = PBXBuildFile; fileRef = 16F7B39F162B1648005C5BC2 /* UIRowWithImage.m */; };
		16F7B3A5162B6DB1005C5BC2 /* Wedding.m in Sources */ = {isa = PBXBuildFile; fileRef = 16F7B3A4162B6DB1005C5BC2 /* Wedding.m */; };
		16F7B3A8162B7213005C5BC2 /* Default-568h@2x.png in Resources */ = {isa = PBXBuildFile; fileRef = 16F7B3A6162B7202005C5BC2 /* Default-568h@2x.png */; };
		69BEA15815ECC00300140956 /* UIKit.framework in Frameworks */ = {isa = PBXBuildFile; fileRef = 69BEA15715ECC00300140956 /* UIKit.framework */; };
		69BEA15A15ECC00300140956 /* Foundation.framework in Frameworks */ = {isa = PBXBuildFile; fileRef = 69BEA15915ECC00300140956 /* Foundation.framework */; };
		69BEA15C15ECC00300140956 /* CoreGraphics.framework in Frameworks */ = {isa = PBXBuildFile; fileRef = 69BEA15B15ECC00300140956 /* CoreGraphics.framework */; };
		69BEA16215ECC00300140956 /* InfoPlist.strings in Resources */ = {isa = PBXBuildFile; fileRef = 69BEA16015ECC00300140956 /* InfoPlist.strings */; };
		69BEA16415ECC00300140956 /* main.m in Sources */ = {isa = PBXBuildFile; fileRef = 69BEA16315ECC00300140956 /* main.m */; };
		69BEA16815ECC00300140956 /* AppDelegate.m in Sources */ = {isa = PBXBuildFile; fileRef = 69BEA16715ECC00300140956 /* AppDelegate.m */; };
		69BEA16B15ECC00300140956 /* ViewController.m in Sources */ = {isa = PBXBuildFile; fileRef = 69BEA16A15ECC00300140956 /* ViewController.m */; };
		69BEA16E15ECC00300140956 /* ViewController.xib in Resources */ = {isa = PBXBuildFile; fileRef = 69BEA16C15ECC00300140956 /* ViewController.xib */; };
		69BEA17615ECC00300140956 /* SenTestingKit.framework in Frameworks */ = {isa = PBXBuildFile; fileRef = 69BEA17515ECC00300140956 /* SenTestingKit.framework */; };
		69BEA17715ECC00300140956 /* UIKit.framework in Frameworks */ = {isa = PBXBuildFile; fileRef = 69BEA15715ECC00300140956 /* UIKit.framework */; };
		69BEA17815ECC00300140956 /* Foundation.framework in Frameworks */ = {isa = PBXBuildFile; fileRef = 69BEA15915ECC00300140956 /* Foundation.framework */; };
		69BEA18015ECC00300140956 /* InfoPlist.strings in Resources */ = {isa = PBXBuildFile; fileRef = 69BEA17E15ECC00300140956 /* InfoPlist.strings */; };
		69BEA18315ECC00400140956 /* WG2Tests.m in Sources */ = {isa = PBXBuildFile; fileRef = 69BEA18215ECC00400140956 /* WG2Tests.m */; };
		69BEA19615ECC0BE00140956 /* AppStateManager.m in Sources */ = {isa = PBXBuildFile; fileRef = 69BEA19215ECC0BE00140956 /* AppStateManager.m */; };
		69BEA19715ECC0BE00140956 /* Login.m in Sources */ = {isa = PBXBuildFile; fileRef = 69BEA19515ECC0BE00140956 /* Login.m */; };
		69BEA19B15ECC0C500140956 /* AppState.m in Sources */ = {isa = PBXBuildFile; fileRef = 69BEA19A15ECC0C500140956 /* AppState.m */; };
		69BEA1A415ED021700140956 /* UIViewWithBorder.m in Sources */ = {isa = PBXBuildFile; fileRef = 69BEA1A315ED021700140956 /* UIViewWithBorder.m */; };
		69BEA1A715ED113700140956 /* UITextFieldExtended.m in Sources */ = {isa = PBXBuildFile; fileRef = 69BEA1A615ED113700140956 /* UITextFieldExtended.m */; };
		69CCD78915F54D2E003B43EC /* ASIHTTPRequest.m in Sources */ = {isa = PBXBuildFile; fileRef = 69CCD78815F54D2E003B43EC /* ASIHTTPRequest.m */; settings = {COMPILER_FLAGS = " -fno-objc-arc"; }; };
		69CCD78D15F5566E003B43EC /* ASIDataCompressor.m in Sources */ = {isa = PBXBuildFile; fileRef = 69CCD78C15F5566E003B43EC /* ASIDataCompressor.m */; settings = {COMPILER_FLAGS = " -fno-objc-arc"; }; };
		69CCD79015F5567F003B43EC /* ASIInputStream.m in Sources */ = {isa = PBXBuildFile; fileRef = 69CCD78F15F5567F003B43EC /* ASIInputStream.m */; settings = {COMPILER_FLAGS = " -fno-objc-arc"; }; };
		69CCD79315F55694003B43EC /* ASIDataDecompressor.m in Sources */ = {isa = PBXBuildFile; fileRef = 69CCD79215F55694003B43EC /* ASIDataDecompressor.m */; settings = {COMPILER_FLAGS = " -fno-objc-arc"; }; };
		69CCD79615F556BB003B43EC /* ASIAuthenticationDialog.m in Sources */ = {isa = PBXBuildFile; fileRef = 69CCD79515F556BB003B43EC /* ASIAuthenticationDialog.m */; settings = {COMPILER_FLAGS = " -fno-objc-arc"; }; };
		69CCD79D15F55790003B43EC /* Reachability.m in Sources */ = {isa = PBXBuildFile; fileRef = 69CCD79C15F55790003B43EC /* Reachability.m */; settings = {COMPILER_FLAGS = " -fno-objc-arc"; }; };
		69CCD79F15F557C1003B43EC /* CFNetwork.framework in Frameworks */ = {isa = PBXBuildFile; fileRef = 69CCD79E15F557C1003B43EC /* CFNetwork.framework */; };
		69CCD7A115F557CC003B43EC /* SystemConfiguration.framework in Frameworks */ = {isa = PBXBuildFile; fileRef = 69CCD7A015F557CC003B43EC /* SystemConfiguration.framework */; };
		69CCD7A315F557D7003B43EC /* MobileCoreServices.framework in Frameworks */ = {isa = PBXBuildFile; fileRef = 69CCD7A215F557D7003B43EC /* MobileCoreServices.framework */; };
		69CCD7A815F55DB9003B43EC /* libz.dylib in Frameworks */ = {isa = PBXBuildFile; fileRef = 69CCD7A715F55DB9003B43EC /* libz.dylib */; };
		69FBA720161B8B7000AEEBAB /* WeddingList.m in Sources */ = {isa = PBXBuildFile; fileRef = 69FBA71F161B8B7000AEEBAB /* WeddingList.m */; };
/* End PBXBuildFile section */

/* Begin PBXContainerItemProxy section */
		69BEA17915ECC00300140956 /* PBXContainerItemProxy */ = {
			isa = PBXContainerItemProxy;
			containerPortal = 69BEA14A15ECC00300140956 /* Project object */;
			proxyType = 1;
			remoteGlobalIDString = 69BEA15215ECC00300140956;
			remoteInfo = WG2;
		};
/* End PBXContainerItemProxy section */

/* Begin PBXFileReference section */
		1610A64E163952B70063CCF1 /* UIActionButton.h */ = {isa = PBXFileReference; fileEncoding = 4; lastKnownFileType = sourcecode.c.h; path = UIActionButton.h; sourceTree = "<group>"; };
		1610A64F163952B70063CCF1 /* UIActionButton.m */ = {isa = PBXFileReference; fileEncoding = 4; lastKnownFileType = sourcecode.c.objc; path = UIActionButton.m; sourceTree = "<group>"; };
		1610A652163997270063CCF1 /* Gifts.h */ = {isa = PBXFileReference; fileEncoding = 4; lastKnownFileType = sourcecode.c.h; path = Gifts.h; sourceTree = "<group>"; };
		1610A653163997270063CCF1 /* Gifts.m */ = {isa = PBXFileReference; fileEncoding = 4; lastKnownFileType = sourcecode.c.objc; path = Gifts.m; sourceTree = "<group>"; };
		1610A6551639A5A80063CCF1 /* NewGift.h */ = {isa = PBXFileReference; fileEncoding = 4; lastKnownFileType = sourcecode.c.h; path = NewGift.h; sourceTree = "<group>"; };
		1610A6561639A5A90063CCF1 /* NewGift.m */ = {isa = PBXFileReference; fileEncoding = 4; lastKnownFileType = sourcecode.c.objc; path = NewGift.m; sourceTree = "<group>"; };
		1610A658163B397D0063CCF1 /* floral_bg.jpg */ = {isa = PBXFileReference; lastKnownFileType = image.jpeg; name = floral_bg.jpg; path = images/floral_bg.jpg; sourceTree = "<group>"; };
		1610A659163B397D0063CCF1 /* gift.jpg */ = {isa = PBXFileReference; lastKnownFileType = image.jpeg; name = gift.jpg; path = images/gift.jpg; sourceTree = "<group>"; };
		1610A65D163B519A0063CCF1 /* hotel.jpg */ = {isa = PBXFileReference; lastKnownFileType = image.jpeg; name = hotel.jpg; path = images/hotel.jpg; sourceTree = "<group>"; };
		16F7B3961629F341005C5BC2 /* ASIFormDataRequest.h */ = {isa = PBXFileReference; fileEncoding = 4; lastKnownFileType = sourcecode.c.h; path = ASIFormDataRequest.h; sourceTree = "<group>"; };
		16F7B3971629F341005C5BC2 /* ASIFormDataRequest.m */ = {isa = PBXFileReference; fileEncoding = 4; lastKnownFileType = sourcecode.c.objc; path = ASIFormDataRequest.m; sourceTree = "<group>"; };
		16F7B39A1629F36A005C5BC2 /* ASIProgressDelegate.h */ = {isa = PBXFileReference; fileEncoding = 4; lastKnownFileType = sourcecode.c.h; path = ASIProgressDelegate.h; sourceTree = "<group>"; };
		16F7B39B162A0E32005C5BC2 /* JSONKit.h */ = {isa = PBXFileReference; fileEncoding = 4; lastKnownFileType = sourcecode.c.h; name = JSONKit.h; path = JSONKit/JSONKit.h; sourceTree = "<group>"; };
		16F7B39C162A0E32005C5BC2 /* JSONKit.m */ = {isa = PBXFileReference; fileEncoding = 4; lastKnownFileType = sourcecode.c.objc; name = JSONKit.m; path = JSONKit/JSONKit.m; sourceTree = "<group>"; };
		16F7B39E162B1648005C5BC2 /* UIRowWithImage.h */ = {isa = PBXFileReference; fileEncoding = 4; lastKnownFileType = sourcecode.c.h; path = UIRowWithImage.h; sourceTree = "<group>"; };
		16F7B39F162B1648005C5BC2 /* UIRowWithImage.m */ = {isa = PBXFileReference; fileEncoding = 4; lastKnownFileType = sourcecode.c.objc; path = UIRowWithImage.m; sourceTree = "<group>"; };
		16F7B3A3162B6DB1005C5BC2 /* Wedding.h */ = {isa = PBXFileReference; fileEncoding = 4; lastKnownFileType = sourcecode.c.h; path = Wedding.h; sourceTree = "<group>"; };
		16F7B3A4162B6DB1005C5BC2 /* Wedding.m */ = {isa = PBXFileReference; fileEncoding = 4; lastKnownFileType = sourcecode.c.objc; path = Wedding.m; sourceTree = "<group>"; };
		16F7B3A6162B7202005C5BC2 /* Default-568h@2x.png */ = {isa = PBXFileReference; lastKnownFileType = image.png; path = "Default-568h@2x.png"; sourceTree = "<group>"; };
		69BEA15315ECC00300140956 /* WG2.app */ = {isa = PBXFileReference; explicitFileType = wrapper.application; includeInIndex = 0; path = WG2.app; sourceTree = BUILT_PRODUCTS_DIR; };
		69BEA15715ECC00300140956 /* UIKit.framework */ = {isa = PBXFileReference; lastKnownFileType = wrapper.framework; name = UIKit.framework; path = System/Library/Frameworks/UIKit.framework; sourceTree = SDKROOT; };
		69BEA15915ECC00300140956 /* Foundation.framework */ = {isa = PBXFileReference; lastKnownFileType = wrapper.framework; name = Foundation.framework; path = System/Library/Frameworks/Foundation.framework; sourceTree = SDKROOT; };
		69BEA15B15ECC00300140956 /* CoreGraphics.framework */ = {isa = PBXFileReference; lastKnownFileType = wrapper.framework; name = CoreGraphics.framework; path = System/Library/Frameworks/CoreGraphics.framework; sourceTree = SDKROOT; };
		69BEA15F15ECC00300140956 /* WG2-Info.plist */ = {isa = PBXFileReference; lastKnownFileType = text.plist.xml; path = "WG2-Info.plist"; sourceTree = "<group>"; };
		69BEA16115ECC00300140956 /* en */ = {isa = PBXFileReference; lastKnownFileType = text.plist.strings; name = en; path = en.lproj/InfoPlist.strings; sourceTree = "<group>"; };
		69BEA16315ECC00300140956 /* main.m */ = {isa = PBXFileReference; lastKnownFileType = sourcecode.c.objc; path = main.m; sourceTree = "<group>"; };
		69BEA16515ECC00300140956 /* WG2-Prefix.pch */ = {isa = PBXFileReference; lastKnownFileType = sourcecode.c.h; path = "WG2-Prefix.pch"; sourceTree = "<group>"; };
		69BEA16615ECC00300140956 /* AppDelegate.h */ = {isa = PBXFileReference; lastKnownFileType = sourcecode.c.h; path = AppDelegate.h; sourceTree = "<group>"; };
		69BEA16715ECC00300140956 /* AppDelegate.m */ = {isa = PBXFileReference; lastKnownFileType = sourcecode.c.objc; path = AppDelegate.m; sourceTree = "<group>"; };
		69BEA16915ECC00300140956 /* ViewController.h */ = {isa = PBXFileReference; lastKnownFileType = sourcecode.c.h; path = ViewController.h; sourceTree = "<group>"; };
		69BEA16A15ECC00300140956 /* ViewController.m */ = {isa = PBXFileReference; lastKnownFileType = sourcecode.c.objc; path = ViewController.m; sourceTree = "<group>"; };
		69BEA16D15ECC00300140956 /* en */ = {isa = PBXFileReference; lastKnownFileType = file.xib; name = en; path = en.lproj/ViewController.xib; sourceTree = "<group>"; };
		69BEA17415ECC00300140956 /* WG2Tests.octest */ = {isa = PBXFileReference; explicitFileType = wrapper.cfbundle; includeInIndex = 0; path = WG2Tests.octest; sourceTree = BUILT_PRODUCTS_DIR; };
		69BEA17515ECC00300140956 /* SenTestingKit.framework */ = {isa = PBXFileReference; lastKnownFileType = wrapper.framework; name = SenTestingKit.framework; path = Library/Frameworks/SenTestingKit.framework; sourceTree = DEVELOPER_DIR; };
		69BEA17D15ECC00300140956 /* WG2Tests-Info.plist */ = {isa = PBXFileReference; lastKnownFileType = text.plist.xml; path = "WG2Tests-Info.plist"; sourceTree = "<group>"; };
		69BEA17F15ECC00300140956 /* en */ = {isa = PBXFileReference; lastKnownFileType = text.plist.strings; name = en; path = en.lproj/InfoPlist.strings; sourceTree = "<group>"; };
		69BEA18115ECC00300140956 /* WG2Tests.h */ = {isa = PBXFileReference; lastKnownFileType = sourcecode.c.h; path = WG2Tests.h; sourceTree = "<group>"; };
		69BEA18215ECC00400140956 /* WG2Tests.m */ = {isa = PBXFileReference; lastKnownFileType = sourcecode.c.objc; path = WG2Tests.m; sourceTree = "<group>"; };
		69BEA19115ECC0BE00140956 /* AppStateManager.h */ = {isa = PBXFileReference; fileEncoding = 4; lastKnownFileType = sourcecode.c.h; path = AppStateManager.h; sourceTree = "<group>"; };
		69BEA19215ECC0BE00140956 /* AppStateManager.m */ = {isa = PBXFileReference; fileEncoding = 4; lastKnownFileType = sourcecode.c.objc; path = AppStateManager.m; sourceTree = "<group>"; };
		69BEA19415ECC0BE00140956 /* Login.h */ = {isa = PBXFileReference; fileEncoding = 4; lastKnownFileType = sourcecode.c.h; path = Login.h; sourceTree = "<group>"; };
		69BEA19515ECC0BE00140956 /* Login.m */ = {isa = PBXFileReference; fileEncoding = 4; lastKnownFileType = sourcecode.c.objc; path = Login.m; sourceTree = "<group>"; };
		69BEA19915ECC0C500140956 /* AppState.h */ = {isa = PBXFileReference; fileEncoding = 4; lastKnownFileType = sourcecode.c.h; path = AppState.h; sourceTree = "<group>"; };
		69BEA19A15ECC0C500140956 /* AppState.m */ = {isa = PBXFileReference; fileEncoding = 4; lastKnownFileType = sourcecode.c.objc; path = AppState.m; sourceTree = "<group>"; };
		69BEA1A215ED021700140956 /* UIViewWithBorder.h */ = {isa = PBXFileReference; fileEncoding = 4; lastKnownFileType = sourcecode.c.h; path = UIViewWithBorder.h; sourceTree = "<group>"; };
		69BEA1A315ED021700140956 /* UIViewWithBorder.m */ = {isa = PBXFileReference; fileEncoding = 4; lastKnownFileType = sourcecode.c.objc; path = UIViewWithBorder.m; sourceTree = "<group>"; };
		69BEA1A515ED113700140956 /* UITextFieldExtended.h */ = {isa = PBXFileReference; fileEncoding = 4; lastKnownFileType = sourcecode.c.h; path = UITextFieldExtended.h; sourceTree = "<group>"; };
		69BEA1A615ED113700140956 /* UITextFieldExtended.m */ = {isa = PBXFileReference; fileEncoding = 4; lastKnownFileType = sourcecode.c.objc; path = UITextFieldExtended.m; sourceTree = "<group>"; };
		69CCD78815F54D2E003B43EC /* ASIHTTPRequest.m */ = {isa = PBXFileReference; fileEncoding = 4; lastKnownFileType = sourcecode.c.objc; path = ASIHTTPRequest.m; sourceTree = "<group>"; };
		69CCD78A15F54D3D003B43EC /* ASIHTTPRequest.h */ = {isa = PBXFileReference; fileEncoding = 4; lastKnownFileType = sourcecode.c.h; path = ASIHTTPRequest.h; sourceTree = "<group>"; };
		69CCD78B15F5566E003B43EC /* ASIDataCompressor.h */ = {isa = PBXFileReference; fileEncoding = 4; lastKnownFileType = sourcecode.c.h; path = ASIDataCompressor.h; sourceTree = "<group>"; };
		69CCD78C15F5566E003B43EC /* ASIDataCompressor.m */ = {isa = PBXFileReference; fileEncoding = 4; lastKnownFileType = sourcecode.c.objc; path = ASIDataCompressor.m; sourceTree = "<group>"; };
		69CCD78E15F5567F003B43EC /* ASIInputStream.h */ = {isa = PBXFileReference; fileEncoding = 4; lastKnownFileType = sourcecode.c.h; path = ASIInputStream.h; sourceTree = "<group>"; };
		69CCD78F15F5567F003B43EC /* ASIInputStream.m */ = {isa = PBXFileReference; fileEncoding = 4; lastKnownFileType = sourcecode.c.objc; path = ASIInputStream.m; sourceTree = "<group>"; };
		69CCD79115F55694003B43EC /* ASIDataDecompressor.h */ = {isa = PBXFileReference; fileEncoding = 4; lastKnownFileType = sourcecode.c.h; path = ASIDataDecompressor.h; sourceTree = "<group>"; };
		69CCD79215F55694003B43EC /* ASIDataDecompressor.m */ = {isa = PBXFileReference; fileEncoding = 4; lastKnownFileType = sourcecode.c.objc; path = ASIDataDecompressor.m; sourceTree = "<group>"; };
		69CCD79415F556BB003B43EC /* ASIAuthenticationDialog.h */ = {isa = PBXFileReference; fileEncoding = 4; lastKnownFileType = sourcecode.c.h; path = ASIAuthenticationDialog.h; sourceTree = "<group>"; };
		69CCD79515F556BB003B43EC /* ASIAuthenticationDialog.m */ = {isa = PBXFileReference; fileEncoding = 4; lastKnownFileType = sourcecode.c.objc; path = ASIAuthenticationDialog.m; sourceTree = "<group>"; };
		69CCD79715F556FA003B43EC /* ASIHTTPRequestDelegate.h */ = {isa = PBXFileReference; fileEncoding = 4; lastKnownFileType = sourcecode.c.h; path = ASIHTTPRequestDelegate.h; sourceTree = "<group>"; };
		69CCD79915F55712003B43EC /* ASICacheDelegate.h */ = {isa = PBXFileReference; fileEncoding = 4; lastKnownFileType = sourcecode.c.h; path = ASICacheDelegate.h; sourceTree = "<group>"; };
		69CCD79A15F55748003B43EC /* ASIHTTPRequestConfig.h */ = {isa = PBXFileReference; fileEncoding = 4; lastKnownFileType = sourcecode.c.h; path = ASIHTTPRequestConfig.h; sourceTree = "<group>"; };
		69CCD79B15F55790003B43EC /* Reachability.h */ = {isa = PBXFileReference; fileEncoding = 4; lastKnownFileType = sourcecode.c.h; path = Reachability.h; sourceTree = "<group>"; };
		69CCD79C15F55790003B43EC /* Reachability.m */ = {isa = PBXFileReference; fileEncoding = 4; lastKnownFileType = sourcecode.c.objc; path = Reachability.m; sourceTree = "<group>"; };
		69CCD79E15F557C1003B43EC /* CFNetwork.framework */ = {isa = PBXFileReference; lastKnownFileType = wrapper.framework; name = CFNetwork.framework; path = System/Library/Frameworks/CFNetwork.framework; sourceTree = SDKROOT; };
		69CCD7A015F557CC003B43EC /* SystemConfiguration.framework */ = {isa = PBXFileReference; lastKnownFileType = wrapper.framework; name = SystemConfiguration.framework; path = System/Library/Frameworks/SystemConfiguration.framework; sourceTree = SDKROOT; };
		69CCD7A215F557D7003B43EC /* MobileCoreServices.framework */ = {isa = PBXFileReference; lastKnownFileType = wrapper.framework; name = MobileCoreServices.framework; path = System/Library/Frameworks/MobileCoreServices.framework; sourceTree = SDKROOT; };
		69CCD7A515F55D52003B43EC /* MessageUI.framework */ = {isa = PBXFileReference; lastKnownFileType = wrapper.framework; name = MessageUI.framework; path = System/Library/Frameworks/MessageUI.framework; sourceTree = SDKROOT; };
		69CCD7A715F55DB9003B43EC /* libz.dylib */ = {isa = PBXFileReference; lastKnownFileType = "compiled.mach-o.dylib"; name = libz.dylib; path = usr/lib/libz.dylib; sourceTree = SDKROOT; };
		69FBA71E161B8B7000AEEBAB /* WeddingList.h */ = {isa = PBXFileReference; fileEncoding = 4; lastKnownFileType = sourcecode.c.h; path = WeddingList.h; sourceTree = "<group>"; };
		69FBA71F161B8B7000AEEBAB /* WeddingList.m */ = {isa = PBXFileReference; fileEncoding = 4; lastKnownFileType = sourcecode.c.objc; path = WeddingList.m; sourceTree = "<group>"; };
/* End PBXFileReference section */

/* Begin PBXFrameworksBuildPhase section */
		69BEA15015ECC00300140956 /* Frameworks */ = {
			isa = PBXFrameworksBuildPhase;
			buildActionMask = 2147483647;
			files = (
				69CCD7A815F55DB9003B43EC /* libz.dylib in Frameworks */,
				69CCD7A315F557D7003B43EC /* MobileCoreServices.framework in Frameworks */,
				69CCD7A115F557CC003B43EC /* SystemConfiguration.framework in Frameworks */,
				69CCD79F15F557C1003B43EC /* CFNetwork.framework in Frameworks */,
				69BEA15815ECC00300140956 /* UIKit.framework in Frameworks */,
				69BEA15A15ECC00300140956 /* Foundation.framework in Frameworks */,
				69BEA15C15ECC00300140956 /* CoreGraphics.framework in Frameworks */,
			);
			runOnlyForDeploymentPostprocessing = 0;
		};
		69BEA17015ECC00300140956 /* Frameworks */ = {
			isa = PBXFrameworksBuildPhase;
			buildActionMask = 2147483647;
			files = (
				69BEA17615ECC00300140956 /* SenTestingKit.framework in Frameworks */,
				69BEA17715ECC00300140956 /* UIKit.framework in Frameworks */,
				69BEA17815ECC00300140956 /* Foundation.framework in Frameworks */,
			);
			runOnlyForDeploymentPostprocessing = 0;
		};
/* End PBXFrameworksBuildPhase section */

/* Begin PBXGroup section */
		1610A65C163B39820063CCF1 /* images */ = {
			isa = PBXGroup;
			children = (
				1610A65D163B519A0063CCF1 /* hotel.jpg */,
				1610A659163B397D0063CCF1 /* gift.jpg */,
				1610A658163B397D0063CCF1 /* floral_bg.jpg */,
			);
			name = images;
			sourceTree = "<group>";
		};
		69BEA14815ECC00300140956 = {
			isa = PBXGroup;
			children = (
				16F7B3A6162B7202005C5BC2 /* Default-568h@2x.png */,
				69CCD7A715F55DB9003B43EC /* libz.dylib */,
				69CCD7A515F55D52003B43EC /* MessageUI.framework */,
				69CCD7A215F557D7003B43EC /* MobileCoreServices.framework */,
				69CCD7A015F557CC003B43EC /* SystemConfiguration.framework */,
				69CCD79E15F557C1003B43EC /* CFNetwork.framework */,
				69BEA15D15ECC00300140956 /* WG2 */,
				69BEA17B15ECC00300140956 /* WG2Tests */,
				69BEA15615ECC00300140956 /* Frameworks */,
				69BEA15415ECC00300140956 /* Products */,
			);
			sourceTree = "<group>";
		};
		69BEA15415ECC00300140956 /* Products */ = {
			isa = PBXGroup;
			children = (
				69BEA15315ECC00300140956 /* WG2.app */,
				69BEA17415ECC00300140956 /* WG2Tests.octest */,
			);
			name = Products;
			sourceTree = "<group>";
		};
		69BEA15615ECC00300140956 /* Frameworks */ = {
			isa = PBXGroup;
			children = (
				69BEA15715ECC00300140956 /* UIKit.framework */,
				69BEA15915ECC00300140956 /* Foundation.framework */,
				69BEA15B15ECC00300140956 /* CoreGraphics.framework */,
				69BEA17515ECC00300140956 /* SenTestingKit.framework */,
			);
			name = Frameworks;
			sourceTree = "<group>";
		};
		69BEA15D15ECC00300140956 /* WG2 */ = {
			isa = PBXGroup;
			children = (
				69CCD78715F54CF6003B43EC /* lib */,
				69BEA16615ECC00300140956 /* AppDelegate.h */,
				69BEA16715ECC00300140956 /* AppDelegate.m */,
				69BEA19015ECC0BE00140956 /* Framework */,
				69BEA16915ECC00300140956 /* ViewController.h */,
				69BEA16A15ECC00300140956 /* ViewController.m */,
				69BEA1A115ED021700140956 /* view_helpers */,
				69BEA19815ECC0C500140956 /* BaseClass */,
				69BEA16C15ECC00300140956 /* ViewController.xib */,
				69BEA15E15ECC00300140956 /* Supporting Files */,
			);
			path = WG2;
			sourceTree = "<group>";
		};
		69BEA15E15ECC00300140956 /* Supporting Files */ = {
			isa = PBXGroup;
			children = (
				1610A65C163B39820063CCF1 /* images */,
				69BEA15F15ECC00300140956 /* WG2-Info.plist */,
				69BEA16015ECC00300140956 /* InfoPlist.strings */,
				69BEA16315ECC00300140956 /* main.m */,
				69BEA16515ECC00300140956 /* WG2-Prefix.pch */,
			);
			name = "Supporting Files";
			sourceTree = "<group>";
		};
		69BEA17B15ECC00300140956 /* WG2Tests */ = {
			isa = PBXGroup;
			children = (
				69BEA18115ECC00300140956 /* WG2Tests.h */,
				69BEA18215ECC00400140956 /* WG2Tests.m */,
				69BEA17C15ECC00300140956 /* Supporting Files */,
			);
			path = WG2Tests;
			sourceTree = "<group>";
		};
		69BEA17C15ECC00300140956 /* Supporting Files */ = {
			isa = PBXGroup;
			children = (
				69BEA17D15ECC00300140956 /* WG2Tests-Info.plist */,
				69BEA17E15ECC00300140956 /* InfoPlist.strings */,
			);
			name = "Supporting Files";
			sourceTree = "<group>";
		};
		69BEA19015ECC0BE00140956 /* Framework */ = {
			isa = PBXGroup;
			children = (
				69BEA19115ECC0BE00140956 /* AppStateManager.h */,
				69BEA19215ECC0BE00140956 /* AppStateManager.m */,
				69BEA19315ECC0BE00140956 /* State */,
			);
			path = Framework;
			sourceTree = "<group>";
		};
		69BEA19315ECC0BE00140956 /* State */ = {
			isa = PBXGroup;
			children = (
				1610A68C163C56F30063CCF1 /* wedding */,
				69BEA19415ECC0BE00140956 /* Login.h */,
				69BEA19515ECC0BE00140956 /* Login.m */,
				69FBA71E161B8B7000AEEBAB /* WeddingList.h */,
				69FBA71F161B8B7000AEEBAB /* WeddingList.m */,
				16F7B3A3162B6DB1005C5BC2 /* Wedding.h */,
				16F7B3A4162B6DB1005C5BC2 /* Wedding.m */,
			);
			path = State;
			sourceTree = "<group>";
		};
		69BEA19815ECC0C500140956 /* BaseClass */ = {
			isa = PBXGroup;
			children = (
				69BEA19915ECC0C500140956 /* AppState.h */,
				69BEA19A15ECC0C500140956 /* AppState.m */,
			);
			path = BaseClass;
			sourceTree = "<group>";
		};
		69BEA1A115ED021700140956 /* view_helpers */ = {
			isa = PBXGroup;
			children = (
				69BEA1A215ED021700140956 /* UIViewWithBorder.h */,
				69BEA1A315ED021700140956 /* UIViewWithBorder.m */,
				69BEA1A515ED113700140956 /* UITextFieldExtended.h */,
				69BEA1A615ED113700140956 /* UITextFieldExtended.m */,
				16F7B39E162B1648005C5BC2 /* UIRowWithImage.h */,
				16F7B39F162B1648005C5BC2 /* UIRowWithImage.m */,
				1610A64E163952B70063CCF1 /* UIActionButton.h */,
				1610A64F163952B70063CCF1 /* UIActionButton.m */,
			);
			path = view_helpers;
			sourceTree = "<group>";
		};
		69CCD78715F54CF6003B43EC /* lib */ = {
			isa = PBXGroup;
			children = (
				16F7B39B162A0E32005C5BC2 /* JSONKit.h */,
				16F7B39C162A0E32005C5BC2 /* JSONKit.m */,
				16F7B39A1629F36A005C5BC2 /* ASIProgressDelegate.h */,
				16F7B3961629F341005C5BC2 /* ASIFormDataRequest.h */,
				16F7B3971629F341005C5BC2 /* ASIFormDataRequest.m */,
				69CCD79B15F55790003B43EC /* Reachability.h */,
				69CCD79C15F55790003B43EC /* Reachability.m */,
				69CCD79A15F55748003B43EC /* ASIHTTPRequestConfig.h */,
				69CCD79915F55712003B43EC /* ASICacheDelegate.h */,
				69CCD79715F556FA003B43EC /* ASIHTTPRequestDelegate.h */,
				69CCD79415F556BB003B43EC /* ASIAuthenticationDialog.h */,
				69CCD79515F556BB003B43EC /* ASIAuthenticationDialog.m */,
				69CCD79115F55694003B43EC /* ASIDataDecompressor.h */,
				69CCD79215F55694003B43EC /* ASIDataDecompressor.m */,
				69CCD78E15F5567F003B43EC /* ASIInputStream.h */,
				69CCD78F15F5567F003B43EC /* ASIInputStream.m */,
				69CCD78B15F5566E003B43EC /* ASIDataCompressor.h */,
				69CCD78C15F5566E003B43EC /* ASIDataCompressor.m */,
				69CCD78A15F54D3D003B43EC /* ASIHTTPRequest.h */,
				69CCD78815F54D2E003B43EC /* ASIHTTPRequest.m */,
			);
			name = lib;
			sourceTree = "<group>";
		};
/* End PBXGroup section */

/* Begin PBXNativeTarget section */
		69BEA15215ECC00300140956 /* WG2 */ = {
			isa = PBXNativeTarget;
			buildConfigurationList = 69BEA18615ECC00400140956 /* Build configuration list for PBXNativeTarget "WG2" */;
			buildPhases = (
				69BEA14F15ECC00300140956 /* Sources */,
				69BEA15015ECC00300140956 /* Frameworks */,
				69BEA15115ECC00300140956 /* Resources */,
			);
			buildRules = (
			);
			dependencies = (
			);
			name = WG2;
			productName = WG2;
			productReference = 69BEA15315ECC00300140956 /* WG2.app */;
			productType = "com.apple.product-type.application";
		};
		69BEA17315ECC00300140956 /* WG2Tests */ = {
			isa = PBXNativeTarget;
			buildConfigurationList = 69BEA18915ECC00400140956 /* Build configuration list for PBXNativeTarget "WG2Tests" */;
			buildPhases = (
				69BEA16F15ECC00300140956 /* Sources */,
				69BEA17015ECC00300140956 /* Frameworks */,
				69BEA17115ECC00300140956 /* Resources */,
				69BEA17215ECC00300140956 /* ShellScript */,
			);
			buildRules = (
			);
			dependencies = (
				69BEA17A15ECC00300140956 /* PBXTargetDependency */,
			);
			name = WG2Tests;
			productName = WG2Tests;
			productReference = 69BEA17415ECC00300140956 /* WG2Tests.octest */;
			productType = "com.apple.product-type.bundle";
		};
/* End PBXNativeTarget section */

/* Begin PBXProject section */
		69BEA14A15ECC00300140956 /* Project object */ = {
			isa = PBXProject;
			attributes = {
				LastUpgradeCheck = 0430;
				ORGANIZATIONNAME = "Lyagushka Ltd";
			};
			buildConfigurationList = 69BEA14D15ECC00300140956 /* Build configuration list for PBXProject "WG2" */;
			compatibilityVersion = "Xcode 3.2";
			developmentRegion = English;
			hasScannedForEncodings = 0;
			knownRegions = (
				en,
			);
			mainGroup = 69BEA14815ECC00300140956;
			productRefGroup = 69BEA15415ECC00300140956 /* Products */;
			projectDirPath = "";
			projectRoot = "";
			targets = (
				69BEA15215ECC00300140956 /* WG2 */,
				69BEA17315ECC00300140956 /* WG2Tests */,
			);
		};
/* End PBXProject section */

/* Begin PBXResourcesBuildPhase section */
		69BEA15115ECC00300140956 /* Resources */ = {
			isa = PBXResourcesBuildPhase;
			buildActionMask = 2147483647;
			files = (
				69BEA16215ECC00300140956 /* InfoPlist.strings in Resources */,
				69BEA16E15ECC00300140956 /* ViewController.xib in Resources */,
				16F7B3A8162B7213005C5BC2 /* Default-568h@2x.png in Resources */,
				1610A65A163B397D0063CCF1 /* floral_bg.jpg in Resources */,
				1610A65B163B397D0063CCF1 /* gift.jpg in Resources */,
				1610A65E163B519A0063CCF1 /* hotel.jpg in Resources */,
			);
			runOnlyForDeploymentPostprocessing = 0;
		};
		69BEA17115ECC00300140956 /* Resources */ = {
			isa = PBXResourcesBuildPhase;
			buildActionMask = 2147483647;
			files = (
				69BEA18015ECC00300140956 /* InfoPlist.strings in Resources */,
			);
			runOnlyForDeploymentPostprocessing = 0;
		};
/* End PBXResourcesBuildPhase section */

/* Begin PBXShellScriptBuildPhase section */
		69BEA17215ECC00300140956 /* ShellScript */ = {
			isa = PBXShellScriptBuildPhase;
			buildActionMask = 2147483647;
			files = (
			);
			inputPaths = (
			);
			outputPaths = (
			);
			runOnlyForDeploymentPostprocessing = 0;
			shellPath = /bin/sh;
			shellScript = "# Run the unit tests in this test bundle.\n\"${SYSTEM_DEVELOPER_DIR}/Tools/RunUnitTests\"\n";
		};
/* End PBXShellScriptBuildPhase section */

/* Begin PBXSourcesBuildPhase section */
		69BEA14F15ECC00300140956 /* Sources */ = {
			isa = PBXSourcesBuildPhase;
			buildActionMask = 2147483647;
			files = (
				69BEA16415ECC00300140956 /* main.m in Sources */,
				69BEA16815ECC00300140956 /* AppDelegate.m in Sources */,
				69BEA16B15ECC00300140956 /* ViewController.m in Sources */,
				69BEA19615ECC0BE00140956 /* AppStateManager.m in Sources */,
				69BEA19715ECC0BE00140956 /* Login.m in Sources */,
				69BEA19B15ECC0C500140956 /* AppState.m in Sources */,
				69BEA1A415ED021700140956 /* UIViewWithBorder.m in Sources */,
				69BEA1A715ED113700140956 /* UITextFieldExtended.m in Sources */,
				69CCD78915F54D2E003B43EC /* ASIHTTPRequest.m in Sources */,
				69CCD78D15F5566E003B43EC /* ASIDataCompressor.m in Sources */,
				69CCD79015F5567F003B43EC /* ASIInputStream.m in Sources */,
				69CCD79315F55694003B43EC /* ASIDataDecompressor.m in Sources */,
				69CCD79615F556BB003B43EC /* ASIAuthenticationDialog.m in Sources */,
				69CCD79D15F55790003B43EC /* Reachability.m in Sources */,
				69FBA720161B8B7000AEEBAB /* WeddingList.m in Sources */,
				16F7B3981629F341005C5BC2 /* ASIFormDataRequest.m in Sources */,
				16F7B39D162A0E32005C5BC2 /* JSONKit.m in Sources */,
				16F7B3A0162B1648005C5BC2 /* UIRowWithImage.m in Sources */,
				16F7B3A5162B6DB1005C5BC2 /* Wedding.m in Sources */,
				1610A650163952B70063CCF1 /* UIActionButton.m in Sources */,
				1610A654163997270063CCF1 /* Gifts.m in Sources */,
				1610A6571639A5A90063CCF1 /* NewGift.m in Sources */,
			);
			runOnlyForDeploymentPostprocessing = 0;
		};
		69BEA16F15ECC00300140956 /* Sources */ = {
			isa = PBXSourcesBuildPhase;
			buildActionMask = 2147483647;
			files = (
				69BEA18315ECC00400140956 /* WG2Tests.m in Sources */,
			);
			runOnlyForDeploymentPostprocessing = 0;
		};
/* End PBXSourcesBuildPhase section */

/* Begin PBXTargetDependency section */
		69BEA17A15ECC00300140956 /* PBXTargetDependency */ = {
			isa = PBXTargetDependency;
			target = 69BEA15215ECC00300140956 /* WG2 */;
			targetProxy = 69BEA17915ECC00300140956 /* PBXContainerItemProxy */;
		};
/* End PBXTargetDependency section */

/* Begin PBXVariantGroup section */
		69BEA16015ECC00300140956 /* InfoPlist.strings */ = {
			isa = PBXVariantGroup;
			children = (
				69BEA16115ECC00300140956 /* en */,
			);
			name = InfoPlist.strings;
			sourceTree = "<group>";
		};
		69BEA16C15ECC00300140956 /* ViewController.xib */ = {
			isa = PBXVariantGroup;
			children = (
				69BEA16D15ECC00300140956 /* en */,
			);
			name = ViewController.xib;
			sourceTree = "<group>";
		};
		69BEA17E15ECC00300140956 /* InfoPlist.strings */ = {
			isa = PBXVariantGroup;
			children = (
				69BEA17F15ECC00300140956 /* en */,
			);
			name = InfoPlist.strings;
			sourceTree = "<group>";
		};
/* End PBXVariantGroup section */

/* Begin XCBuildConfiguration section */
		69BEA18415ECC00400140956 /* Debug */ = {
			isa = XCBuildConfiguration;
			buildSettings = {
				ALWAYS_SEARCH_USER_PATHS = NO;
				ARCHS = "$(ARCHS_STANDARD_32_BIT)";
				CLANG_ENABLE_OBJC_ARC = YES;
				"CODE_SIGN_IDENTITY[sdk=iphoneos*]" = "iPhone Developer";
				COPY_PHASE_STRIP = NO;
				GCC_C_LANGUAGE_STANDARD = gnu99;
				GCC_DYNAMIC_NO_PIC = NO;
				GCC_OPTIMIZATION_LEVEL = 0;
				GCC_PREPROCESSOR_DEFINITIONS = (
					"DEBUG=1",
					"$(inherited)",
				);
				GCC_SYMBOLS_PRIVATE_EXTERN = NO;
				GCC_VERSION = com.apple.compilers.llvm.clang.1_0;
				GCC_WARN_ABOUT_RETURN_TYPE = YES;
				GCC_WARN_UNINITIALIZED_AUTOS = YES;
				GCC_WARN_UNUSED_VARIABLE = YES;
				IPHONEOS_DEPLOYMENT_TARGET = 5.1;
				SDKROOT = iphoneos;
			};
			name = Debug;
		};
		69BEA18515ECC00400140956 /* Release */ = {
			isa = XCBuildConfiguration;
			buildSettings = {
				ALWAYS_SEARCH_USER_PATHS = NO;
				ARCHS = "$(ARCHS_STANDARD_32_BIT)";
				CLANG_ENABLE_OBJC_ARC = YES;
				"CODE_SIGN_IDENTITY[sdk=iphoneos*]" = "iPhone Developer";
				COPY_PHASE_STRIP = YES;
				GCC_C_LANGUAGE_STANDARD = gnu99;
				GCC_VERSION = com.apple.compilers.llvm.clang.1_0;
				GCC_WARN_ABOUT_RETURN_TYPE = YES;
				GCC_WARN_UNINITIALIZED_AUTOS = YES;
				GCC_WARN_UNUSED_VARIABLE = YES;
				IPHONEOS_DEPLOYMENT_TARGET = 5.1;
				OTHER_CFLAGS = "-DNS_BLOCK_ASSERTIONS=1";
				SDKROOT = iphoneos;
				VALIDATE_PRODUCT = YES;
			};
			name = Release;
		};
		69BEA18715ECC00400140956 /* Debug */ = {
			isa = XCBuildConfiguration;
			buildSettings = {
				GCC_PRECOMPILE_PREFIX_HEADER = YES;
				GCC_PREFIX_HEADER = "WG2/WG2-Prefix.pch";
				INFOPLIST_FILE = "WG2/WG2-Info.plist";
				PRODUCT_NAME = "$(TARGET_NAME)";
				TARGETED_DEVICE_FAMILY = 1;
				WRAPPER_EXTENSION = app;
			};
			name = Debug;
		};
		69BEA18815ECC00400140956 /* Release */ = {
			isa = XCBuildConfiguration;
			buildSettings = {
				GCC_PRECOMPILE_PREFIX_HEADER = YES;
				GCC_PREFIX_HEADER = "WG2/WG2-Prefix.pch";
				INFOPLIST_FILE = "WG2/WG2-Info.plist";
				PRODUCT_NAME = "$(TARGET_NAME)";
				TARGETED_DEVICE_FAMILY = 1;
				WRAPPER_EXTENSION = app;
			};
			name = Release;
		};
		69BEA18A15ECC00400140956 /* Debug */ = {
			isa = XCBuildConfiguration;
			buildSettings = {
				BUNDLE_LOADER = "$(BUILT_PRODUCTS_DIR)/WG2.app/WG2";
				FRAMEWORK_SEARCH_PATHS = (
					"$(SDKROOT)/Developer/Library/Frameworks",
					"$(DEVELOPER_LIBRARY_DIR)/Frameworks",
				);
				GCC_PRECOMPILE_PREFIX_HEADER = YES;
				GCC_PREFIX_HEADER = "WG2/WG2-Prefix.pch";
				INFOPLIST_FILE = "WG2Tests/WG2Tests-Info.plist";
				PRODUCT_NAME = "$(TARGET_NAME)";
				TEST_HOST = "$(BUNDLE_LOADER)";
				WRAPPER_EXTENSION = octest;
			};
			name = Debug;
		};
		69BEA18B15ECC00400140956 /* Release */ = {
			isa = XCBuildConfiguration;
			buildSettings = {
				BUNDLE_LOADER = "$(BUILT_PRODUCTS_DIR)/WG2.app/WG2";
				FRAMEWORK_SEARCH_PATHS = (
					"$(SDKROOT)/Developer/Library/Frameworks",
					"$(DEVELOPER_LIBRARY_DIR)/Frameworks",
				);
				GCC_PRECOMPILE_PREFIX_HEADER = YES;
				GCC_PREFIX_HEADER = "WG2/WG2-Prefix.pch";
				INFOPLIST_FILE = "WG2Tests/WG2Tests-Info.plist";
				PRODUCT_NAME = "$(TARGET_NAME)";
				TEST_HOST = "$(BUNDLE_LOADER)";
				WRAPPER_EXTENSION = octest;
			};
			name = Release;
		};
/* End XCBuildConfiguration section */

/* Begin XCConfigurationList section */
		69BEA14D15ECC00300140956 /* Build configuration list for PBXProject "WG2" */ = {
			isa = XCConfigurationList;
			buildConfigurations = (
				69BEA18415ECC00400140956 /* Debug */,
				69BEA18515ECC00400140956 /* Release */,
			);
			defaultConfigurationIsVisible = 0;
			defaultConfigurationName = Release;
		};
		69BEA18615ECC00400140956 /* Build configuration list for PBXNativeTarget "WG2" */ = {
			isa = XCConfigurationList;
			buildConfigurations = (
				69BEA18715ECC00400140956 /* Debug */,
				69BEA18815ECC00400140956 /* Release */,
			);
			defaultConfigurationIsVisible = 0;
			defaultConfigurationName = Release;
		};
		69BEA18915ECC00400140956 /* Build configuration list for PBXNativeTarget "WG2Tests" */ = {
			isa = XCConfigurationList;
			buildConfigurations = (
				69BEA18A15ECC00400140956 /* Debug */,
				69BEA18B15ECC00400140956 /* Release */,
			);
			defaultConfigurationIsVisible = 0;
			defaultConfigurationName = Release;
		};
/* End XCConfigurationList section */
	};
	rootObject = 69BEA14A15ECC00300140956 /* Project object */;
}
